
Microsoft Visual Studio Solution File, Format Version 12.00
# Visual Studio Version 16
VisualStudioVersion = 16.0.29326.143
MinimumVisualStudioVersion = 10.0.40219.1
Project("{9A19103F-16F7-4668-BE54-9A1E7A4F7556}") = "LC", "LC.csproj", "{EBECF4D0-FE43-4D4A-89AA-A0292547261F}"
EndProject
Global
	GlobalSection(SolutionConfigurationPlatforms) = preSolution
		Debug|Any CPU = Debug|Any CPU
		Release|Any CPU = Release|Any CPU
	EndGlobalSection
	GlobalSection(ProjectConfigurationPlatforms) = postSolution
		{EBECF4D0-FE43-4D4A-89AA-A0292547261F}.Debug|Any CPU.ActiveCfg = Debug|Any CPU
		{EBECF4D0-FE43-4D4A-89AA-A0292547261F}.Debug|Any CPU.Build.0 = Debug|Any CPU
		{EBECF4D0-FE43-4D4A-89AA-A0292547261F}.Release|Any CPU.ActiveCfg = Release|Any CPU
		{EBECF4D0-FE43-4D4A-89AA-A0292547261F}.Release|Any CPU.Build.0 = Release|Any CPU
	EndGlobalSection
	GlobalSection(SolutionProperties) = preSolution
		HideSolutionNode = FALSE
	EndGlobalSection
	GlobalSection(ExtensibilityGlobals) = postSolution
		SolutionGuid = {E8865DF1-7088-4F7F-98FA-5CCF3544E9DB}
	EndGlobalSection
EndGlobal
